
Microsoft Visual Studio Solution File, Format Version 12.00
# Visual Studio Version 17
VisualStudioVersion = 17.9.34728.123
MinimumVisualStudioVersion = 10.0.40219.1
Project("{8BC9CEB8-8B4A-11D0-8D11-00A0C91BC942}") = "Adjacency List DFS", "Adjacency List DFS.vcxproj", "{DA37DBA2-DD4C-4471-8A16-74EAEB6733AC}"
EndProject
Global
	GlobalSection(SolutionConfigurationPlatforms) = preSolution
		Debug|x64 = Debug|x64
		Debug|x86 = Debug|x86
		Release|x64 = Release|x64
		Release|x86 = Release|x86
	EndGlobalSection
	GlobalSection(ProjectConfigurationPlatforms) = postSolution
		{DA37DBA2-DD4C-4471-8A16-74EAEB6733AC}.Debug|x64.ActiveCfg = Debug|x64
		{DA37DBA2-DD4C-4471-8A16-74EAEB6733AC}.Debug|x64.Build.0 = Debug|x64
		{DA37DBA2-DD4C-4471-8A16-74EAEB6733AC}.Debug|x86.ActiveCfg = Debug|Win32
		{DA37DBA2-DD4C-4471-8A16-74EAEB6733AC}.Debug|x86.Build.0 = Debug|Win32
		{DA37DBA2-DD4C-4471-8A16-74EAEB6733AC}.Release|x64.ActiveCfg = Release|x64
		{DA37DBA2-DD4C-4471-8A16-74EAEB6733AC}.Release|x64.Build.0 = Release|x64
		{DA37DBA2-DD4C-4471-8A16-74EAEB6733AC}.Release|x86.ActiveCfg = Release|Win32
		{DA37DBA2-DD4C-4471-8A16-74EAEB6733AC}.Release|x86.Build.0 = Release|Win32
	EndGlobalSection
	GlobalSection(SolutionProperties) = preSolution
		HideSolutionNode = FALSE
	EndGlobalSection
	GlobalSection(ExtensibilityGlobals) = postSolution
		SolutionGuid = {C8487222-4F44-40EE-B4E8-91B02C21E265}
	EndGlobalSection
EndGlobal
